lockfileVersion: 5.3

specifiers:
  '@vueuse/core': ^8.3.1
  lodash-es: ^4.17.21

dependencies:
  '@vueuse/core': 8.3.1
  lodash-es: 4.17.21

packages:

  /@vueuse/core/8.3.1:
    resolution: {integrity: sha512-WiXUgVyPG9elGx3G8UV8g+zqbEJ2hYacrPICogAxDdW6hnxxcUFdF7FtvDroJ/DxWmo2pg8XNNz07ybfnZyJbw==}
    peerDependencies:
      '@vue/composition-api': ^1.1.0
      vue: ^2.6.0 || ^3.2.0
    peerDependenciesMeta:
      '@vue/composition-api':
        optional: true
      vue:
        optional: true
    dependencies:
      '@vueuse/metadata': 8.3.1
      '@vueuse/shared': 8.3.1
      vue-demi: 0.12.5
    dev: false

  /@vueuse/metadata/8.3.1:
    resolution: {integrity: sha512-1aZaFL44HzXXkfN6Q7KMDOXBFKTHDClHlOJBxtN8rTBXIIScoGOrJCpxWiQ4kuVg95MzG/pHrd3P4wd8poL9XQ==}
    dev: false

  /@vueuse/shared/8.3.1:
    resolution: {integrity: sha512-7HKLCcxp4dtONq6QSSoavblo9riYgqzw7jhqiC0/VUYMXKzqj1G/GznOzTmY8Wi8uKKT197JqjKQ1DKt2j/0+A==}
    peerDependencies:
      '@vue/composition-api': ^1.1.0
      vue: ^2.6.0 || ^3.2.0
    peerDependenciesMeta:
      '@vue/composition-api':
        optional: true
      vue:
        optional: true
    dependencies:
      vue-demi: 0.12.5
    dev: false

  /lodash-es/4.17.21:
    resolution: {integrity: sha512-mKnC+QJ9pWVzv+C4/U3rRsHapFfHvQFoFB92e52xeyGMcX6/OlIl78je1u8vePzYZSkkogMPJ2yjxxsb89cxyw==}
    dev: false

  /vue-demi/0.12.5:
    resolution: {integrity: sha512-BREuTgTYlUr0zw0EZn3hnhC3I6gPWv+Kwh4MCih6QcAeaTlaIX0DwOVN0wHej7hSvDPecz4jygy/idsgKfW58Q==}
    engines: {node: '>=12'}
    hasBin: true
    requiresBuild: true
    peerDependencies:
      '@vue/composition-api': ^1.0.0-rc.1
      vue: ^3.0.0-0 || ^2.6.0
    peerDependenciesMeta:
      '@vue/composition-api':
        optional: true
    dev: false
